
Microsoft Visual Studio Solution File, Format Version 12.00
# Visual Studio Version 16
VisualStudioVersion = 16.0.31019.35
MinimumVisualStudioVersion = 10.0.40219.1
Project("{FAE04EC0-301F-11D3-BF4B-00C04F79EFBC}") = "OrnekProje", "OrnekProje\OrnekProje.csproj", "{FE585588-0D1B-4E2C-91F1-174B05C65240}"
EndProject
Global
	GlobalSection(SolutionConfigurationPlatforms) = preSolution
		Debug|Any CPU = Debug|Any CPU
		Release|Any CPU = Release|Any CPU
	EndGlobalSection
	GlobalSection(ProjectConfigurationPlatforms) = postSolution
		{FE585588-0D1B-4E2C-91F1-174B05C65240}.Debug|Any CPU.ActiveCfg = Debug|Any CPU
		{FE585588-0D1B-4E2C-91F1-174B05C65240}.Debug|Any CPU.Build.0 = Debug|Any CPU
		{FE585588-0D1B-4E2C-91F1-174B05C65240}.Release|Any CPU.ActiveCfg = Release|Any CPU
		{FE585588-0D1B-4E2C-91F1-174B05C65240}.Release|Any CPU.Build.0 = Release|Any CPU
	EndGlobalSection
	GlobalSection(SolutionProperties) = preSolution
		HideSolutionNode = FALSE
	EndGlobalSection
	GlobalSection(ExtensibilityGlobals) = postSolution
		SolutionGuid = {4134C673-9DD6-4D80-9673-3602F6A76B3C}
	EndGlobalSection
EndGlobal
